{
	"requires": true,
	"lockfileVersion": 1,
	"dependencies": {
		"@fortawesome/fontawesome": {
			"version": "1.1.8",
			"resolved": "https://registry.npmjs.org/@fortawesome/fontawesome/-/fontawesome-1.1.8.tgz",
			"integrity": "sha512-c0/MtkPVT0fmiFcCyYoPjkG9PkMOvfrZw2+0BaJ+Rh6UEcK1AR/LaRgrHHjUkbAbs9LXxQJhFS8CJ4uSnK2+JA==",
			"requires": {
				"@fortawesome/fontawesome-common-types": "^0.1.7"
			}
		},
		"@fortawesome/fontawesome-common-types": {
			"version": "0.1.7",
			"resolved": "https://registry.npmjs.org/@fortawesome/fontawesome-common-types/-/fontawesome-common-types-0.1.7.tgz",
			"integrity": "sha512-ego8jRVSHfq/iq4KRZJKQeUAdi3ZjGNrqw4oPN3fNdvTBnLCSntwVCnc37bsAJP9UB8MhrTfPnZYxkv2vpS4pg=="
		},
		"@fortawesome/fontawesome-free-solid": {
			"version": "5.0.13",
			"resolved": "https://registry.npmjs.org/@fortawesome/fontawesome-free-solid/-/fontawesome-free-solid-5.0.13.tgz",
			"integrity": "sha512-b+krVnqkdDt52Yfev0x0ZZgtxBQsLw00Zfa3uaVWIDzpNZVtrEXuxldUSUaN/ihgGhSNi8VpvDAdNPVgCKOSxw==",
			"requires": {
				"@fortawesome/fontawesome-common-types": "^0.1.7"
			}
		},
		"asap": {
			"version": "2.0.6",
			"resolved": "https://registry.npmjs.org/asap/-/asap-2.0.6.tgz",
			"integrity": "sha1-5QNHYR1+aQlDIIu9r+vLwvuGbUY="
		},
		"basscss": {
			"version": "8.0.4",
			"resolved": "https://registry.npmjs.org/basscss/-/basscss-8.0.4.tgz",
			"integrity": "sha512-7bYU+8AaerBuR12yRiRtyethfue1jvIP4N+WO1UC1a3wmLM3Akt03uF7TrX3fQJSrVUBf2NaXWLmBI/AVoNY7w==",
			"requires": {
				"basscss-align": "^1.0.2",
				"basscss-border": "^4.0.2",
				"basscss-flexbox": "^1.0.2",
				"basscss-grid": "^2.0.0",
				"basscss-hide": "^1.0.1",
				"basscss-layout": "^3.1.0",
				"basscss-margin": "^1.0.8",
				"basscss-padding": "^1.1.3",
				"basscss-position": "^2.0.3",
				"basscss-type-scale": "^1.0.5",
				"basscss-typography": "^3.0.4"
			}
		},
		"basscss-align": {
			"version": "1.0.2",
			"resolved": "https://registry.npmjs.org/basscss-align/-/basscss-align-1.0.2.tgz",
			"integrity": "sha1-KUqmidb5nahuSvTFwokocIVcHDc="
		},
		"basscss-border": {
			"version": "4.0.2",
			"resolved": "https://registry.npmjs.org/basscss-border/-/basscss-border-4.0.2.tgz",
			"integrity": "sha1-FLRQYym5DLFKvl9NNHPp/pIC3y4="
		},
		"basscss-flexbox": {
			"version": "1.0.2",
			"resolved": "https://registry.npmjs.org/basscss-flexbox/-/basscss-flexbox-1.0.2.tgz",
			"integrity": "sha512-AtG6yBmmza2nPo3x9X4/7rbW22gLmiSvYvirFs7Aspt1zp5FHwpRBz3BD2v/a3qPdmVM8OvOLVNWISGM6O50MA=="
		},
		"basscss-grid": {
			"version": "2.0.0",
			"resolved": "https://registry.npmjs.org/basscss-grid/-/basscss-grid-2.0.0.tgz",
			"integrity": "sha1-b0wxmOeGo4Up+DYrw7O85SVME2k="
		},
		"basscss-hide": {
			"version": "1.0.1",
			"resolved": "https://registry.npmjs.org/basscss-hide/-/basscss-hide-1.0.1.tgz",
			"integrity": "sha1-NLwTi7qGfGxJq4aCphDvSV5H11A="
		},
		"basscss-layout": {
			"version": "3.1.0",
			"resolved": "https://registry.npmjs.org/basscss-layout/-/basscss-layout-3.1.0.tgz",
			"integrity": "sha1-+fOS5IDaZmV9n+XenKTAfFecOk4="
		},
		"basscss-margin": {
			"version": "1.0.8",
			"resolved": "https://registry.npmjs.org/basscss-margin/-/basscss-margin-1.0.8.tgz",
			"integrity": "sha512-dFSPOMXZ7dIGl8epwsyi4b5mWtjMgwR9kNIybSinQkHJOk4HgFxy/1ra6PJvzxzyoCR/ekwDXPcIbICLhB9w1w=="
		},
		"basscss-padding": {
			"version": "1.1.3",
			"resolved": "https://registry.npmjs.org/basscss-padding/-/basscss-padding-1.1.3.tgz",
			"integrity": "sha1-adt5lBTm3Vi+2Dd2lSzCmeLmh04="
		},
		"basscss-position": {
			"version": "2.0.3",
			"resolved": "https://registry.npmjs.org/basscss-position/-/basscss-position-2.0.3.tgz",
			"integrity": "sha1-RnGAofjzhukHLtjQgpTSpuC6QwU="
		},
		"basscss-type-scale": {
			"version": "1.0.5",
			"resolved": "https://registry.npmjs.org/basscss-type-scale/-/basscss-type-scale-1.0.5.tgz",
			"integrity": "sha1-I79eQcnRQsgGHPmCnM8j6bMljsc="
		},
		"basscss-typography": {
			"version": "3.0.4",
			"resolved": "https://registry.npmjs.org/basscss-typography/-/basscss-typography-3.0.4.tgz",
			"integrity": "sha512-PMCxUfYPpAj8gQV8qI09lfNp7eWNrKtQFkCN2fZjLyReSY/wnw8QP8irpvbJ67vSEhlkA6ZP8j7vmTDoxkyu8g=="
		},
		"classnames": {
			"version": "2.2.6",
			"resolved": "https://registry.npmjs.org/classnames/-/classnames-2.2.6.tgz",
			"integrity": "sha512-JR/iSQOSt+LQIWwrwEzJ9uk0xfN3mTVYMwt1Ir5mUcSN6pU+V4zQFFaJsclJbPuAUQH+yfWef6tm7l1quW3C8Q=="
		},
		"copy-to-clipboard": {
			"version": "3.0.8",
			"resolved": "https://registry.npmjs.org/copy-to-clipboard/-/copy-to-clipboard-3.0.8.tgz",
			"integrity": "sha512-c3GdeY8qxCHGezVb1EFQfHYK/8NZRemgcTIzPq7PuxjHAf/raKibn2QdhHPb/y6q74PMgH6yizaDZlRmw6QyKw==",
			"requires": {
				"toggle-selection": "^1.0.3"
			}
		},
		"core-js": {
			"version": "1.2.7",
			"resolved": "https://registry.npmjs.org/core-js/-/core-js-1.2.7.tgz",
			"integrity": "sha1-ZSKUwUZR2yj6k70tX/KYOk8IxjY="
		},
		"element-picker": {
			"version": "1.0.1",
			"resolved": "https://registry.npmjs.org/element-picker/-/element-picker-1.0.1.tgz",
			"integrity": "sha512-+UWFUdKk9VQyc8T+41ngKuTkkbLbH6Hb9omYyWGmXcMXWteFQI0IM38YwBXSOYQodze+ZNLMNVtpM+UUNlPxbw=="
		},
		"encoding": {
			"version": "0.1.12",
			"resolved": "https://registry.npmjs.org/encoding/-/encoding-0.1.12.tgz",
			"integrity": "sha1-U4tm8+5izRq1HsMjgp0flIDHS+s=",
			"requires": {
				"iconv-lite": "~0.4.13"
			}
		},
		"fbjs": {
			"version": "0.8.16",
			"resolved": "https://registry.npmjs.org/fbjs/-/fbjs-0.8.16.tgz",
			"integrity": "sha1-XmdDL1UNxBtXK/VYR7ispk5TN9s=",
			"requires": {
				"core-js": "^1.0.0",
				"isomorphic-fetch": "^2.1.1",
				"loose-envify": "^1.0.0",
				"object-assign": "^4.1.0",
				"promise": "^7.1.1",
				"setimmediate": "^1.0.5",
				"ua-parser-js": "^0.7.9"
			}
		},
		"iconv-lite": {
			"version": "0.4.23",
			"resolved": "https://registry.npmjs.org/iconv-lite/-/iconv-lite-0.4.23.tgz",
			"integrity": "sha512-neyTUVFtahjf0mB3dZT77u+8O0QB89jFdnBkd5P1JgYPbPaia3gXXOVL2fq8VyU2gMMD7SaN7QukTB/pmXYvDA==",
			"requires": {
				"safer-buffer": ">= 2.1.2 < 3"
			}
		},
		"is-stream": {
			"version": "1.1.0",
			"resolved": "https://registry.npmjs.org/is-stream/-/is-stream-1.1.0.tgz",
			"integrity": "sha1-EtSj3U5o4Lec6428hBc66A2RykQ="
		},
		"isomorphic-fetch": {
			"version": "2.2.1",
			"resolved": "https://registry.npmjs.org/isomorphic-fetch/-/isomorphic-fetch-2.2.1.tgz",
			"integrity": "sha1-YRrhrPFPXoH3KVB0coGf6XM1WKk=",
			"requires": {
				"node-fetch": "^1.0.1",
				"whatwg-fetch": ">=0.10.0"
			}
		},
		"js-tokens": {
			"version": "3.0.2",
			"resolved": "https://registry.npmjs.org/js-tokens/-/js-tokens-3.0.2.tgz",
			"integrity": "sha1-mGbfOVECEw449/mWvOtlRDIJwls="
		},
		"lodash": {
			"version": "4.17.10",
			"resolved": "https://registry.npmjs.org/lodash/-/lodash-4.17.10.tgz",
			"integrity": "sha512-UejweD1pDoXu+AD825lWwp4ZGtSwgnpZxb3JDViD7StjQz+Nb/6l093lx4OQ0foGWNRoc19mWy7BzL+UAK2iVg=="
		},
		"loose-envify": {
			"version": "1.3.1",
			"resolved": "https://registry.npmjs.org/loose-envify/-/loose-envify-1.3.1.tgz",
			"integrity": "sha1-0aitM/qc4OcT1l/dCsi3SNR4yEg=",
			"requires": {
				"js-tokens": "^3.0.0"
			}
		},
		"material-colors": {
			"version": "1.2.6",
			"resolved": "https://registry.npmjs.org/material-colors/-/material-colors-1.2.6.tgz",
			"integrity": "sha512-6qE4B9deFBIa9YSpOc9O0Sgc43zTeVYbgDT5veRKSlB2+ZuHNoVVxA1L/ckMUayV9Ay9y7Z/SZCLcGteW9i7bg=="
		},
		"node-fetch": {
			"version": "1.7.3",
			"resolved": "https://registry.npmjs.org/node-fetch/-/node-fetch-1.7.3.tgz",
			"integrity": "sha512-NhZ4CsKx7cYm2vSrBAr2PvFOe6sWDf0UYLRqA6svUYg7+/TSfVAu49jYC4BvQ4Sms9SZgdqGBgroqfDhJdTyKQ==",
			"requires": {
				"encoding": "^0.1.11",
				"is-stream": "^1.0.1"
			}
		},
		"object-assign": {
			"version": "4.1.1",
			"resolved": "https://registry.npmjs.org/object-assign/-/object-assign-4.1.1.tgz",
			"integrity": "sha1-IQmtx5ZYh8/AXLvUQsrIv7s2CGM="
		},
		"promise": {
			"version": "7.3.1",
			"resolved": "https://registry.npmjs.org/promise/-/promise-7.3.1.tgz",
			"integrity": "sha512-nolQXZ/4L+bP/UGlkfaIujX9BKxGwmQ9OT4mOt5yvy8iK1h3wqTEJCijzGANTCCl9nWjY41juyAn2K3Q1hLLTg==",
			"requires": {
				"asap": "~2.0.3"
			}
		},
		"prop-types": {
			"version": "15.6.1",
			"resolved": "https://registry.npmjs.org/prop-types/-/prop-types-15.6.1.tgz",
			"integrity": "sha512-4ec7bY1Y66LymSUOH/zARVYObB23AT2h8cf6e/O6ZALB/N0sqZFEx7rq6EYPX2MkOdKORuooI/H5k9TlR4q7kQ==",
			"requires": {
				"fbjs": "^0.8.16",
				"loose-envify": "^1.3.1",
				"object-assign": "^4.1.1"
			}
		},
		"react-color": {
			"version": "2.14.1",
			"resolved": "https://registry.npmjs.org/react-color/-/react-color-2.14.1.tgz",
			"integrity": "sha512-ssv2ArSZdhTbIs29hyfw8JW+s3G4BCx/ILkwCajWZzrcx/2ZQfRpsaLVt38LAPbxe50LLszlmGtRerA14JzzRw==",
			"requires": {
				"lodash": "^4.0.1",
				"material-colors": "^1.2.1",
				"prop-types": "^15.5.10",
				"reactcss": "^1.2.0",
				"tinycolor2": "^1.4.1"
			}
		},
		"react-copy-to-clipboard": {
			"version": "5.0.1",
			"resolved": "https://registry.npmjs.org/react-copy-to-clipboard/-/react-copy-to-clipboard-5.0.1.tgz",
			"integrity": "sha512-ELKq31/E3zjFs5rDWNCfFL4NvNFQvGRoJdAKReD/rUPA+xxiLPQmZBZBvy2vgH7V0GE9isIQpT9WXbwIVErYdA==",
			"requires": {
				"copy-to-clipboard": "^3",
				"prop-types": "^15.5.8"
			}
		},
		"react-draggable": {
			"version": "3.0.5",
			"resolved": "https://registry.npmjs.org/react-draggable/-/react-draggable-3.0.5.tgz",
			"integrity": "sha512-qo76q6+pafyGllbmfc+CgWfOkwY9v3UoJa3jp6xG2vdsRY8uJTN1kqNievLj0uVNjEqCvZ0OFiEBxlAJNj3OTg==",
			"requires": {
				"classnames": "^2.2.5",
				"prop-types": "^15.6.0"
			}
		},
		"reactcss": {
			"version": "1.2.3",
			"resolved": "https://registry.npmjs.org/reactcss/-/reactcss-1.2.3.tgz",
			"integrity": "sha512-KiwVUcFu1RErkI97ywr8nvx8dNOpT03rbnma0SSalTYjkrPYaEajR4a/MRt6DZ46K6arDRbWMNHF+xH7G7n/8A==",
			"requires": {
				"lodash": "^4.0.1"
			}
		},
		"reactjs-popup": {
			"version": "1.1.1",
			"resolved": "https://registry.npmjs.org/reactjs-popup/-/reactjs-popup-1.1.1.tgz",
			"integrity": "sha512-K07ioLdQkRvASqTCQdue1EwG0uYES5caXuxg2X63vcRXP2t9e6HGhGlC4CqOMlIdrxT/UwAC0nVnBzQ6Yky14g=="
		},
		"safer-buffer": {
			"version": "2.1.2",
			"resolved": "https://registry.npmjs.org/safer-buffer/-/safer-buffer-2.1.2.tgz",
			"integrity": "sha512-YZo3K82SD7Riyi0E1EQPojLz7kpepnSQI9IyPbHHg1XXXevb5dJI7tpyN2ADxGcQbHG7vcyRHk0cbwqcQriUtg=="
		},
		"setimmediate": {
			"version": "1.0.5",
			"resolved": "https://registry.npmjs.org/setimmediate/-/setimmediate-1.0.5.tgz",
			"integrity": "sha1-KQy7Iy4waULX1+qbg3Mqt4VvgoU="
		},
		"tinycolor2": {
			"version": "1.4.1",
			"resolved": "https://registry.npmjs.org/tinycolor2/-/tinycolor2-1.4.1.tgz",
			"integrity": "sha1-9PrTM0R7wLB9TcjpIJ2POaisd+g="
		},
		"toggle-selection": {
			"version": "1.0.6",
			"resolved": "https://registry.npmjs.org/toggle-selection/-/toggle-selection-1.0.6.tgz",
			"integrity": "sha1-bkWxJj8gF/oKzH2J14sVuL932jI="
		},
		"ua-parser-js": {
			"version": "0.7.18",
			"resolved": "https://registry.npmjs.org/ua-parser-js/-/ua-parser-js-0.7.18.tgz",
			"integrity": "sha512-LtzwHlVHwFGTptfNSgezHp7WUlwiqb0gA9AALRbKaERfxwJoiX0A73QbTToxteIAuIaFshhgIZfqK8s7clqgnA=="
		},
		"whatwg-fetch": {
			"version": "2.0.4",
			"resolved": "https://registry.npmjs.org/whatwg-fetch/-/whatwg-fetch-2.0.4.tgz",
			"integrity": "sha512-dcQ1GWpOD/eEQ97k66aiEVpNnapVj90/+R+SXTPYGHpYBBypfKJEQjLrvMZ7YXbKm21gXd4NcuxUTjiv1YtLng=="
		}
	}
}
